github.com/UncleJunVIP/gabagool v0.0.40 h1:II+APZ7ACVGt7b+6XuzNGo0IC8wZqOzx1qRiaHp51Dc=
github.com/UncleJunVIP/gabagool v0.0.40/go.mod h1:AwCrrFLlQwwCQo0eVbPPF2dSEKqxOAyGGVS3tKFfIAk=
github.com/kettek/apng v0.0.0-20220823221153-ff692776a607 h1:8tP9cdXzcGX2AvweVVG/lxbI7BSjWbNNUustwJ9dQVA=
github.com/kettek/apng v0.0.0-20220823221153-ff692776a607/go.mod h1:x78/VRQYKuCftMWS0uK5e+F5RJ7S4gSlESRWI0Prl6Q=
github.com/patrickhuber/go-types v0.6.0 h1:WYAsdXniinKzQZdxC0wvORwtZX8C670tvguslefRMGI=
github.com/patrickhuber/go-types v0.6.0/go.mod h1:fkCDj9+Mfd2t7x0vb8EQywoa1vhBp+G8AW7M5kz7rnc=
github.com/veandco/go-sdl2 v0.4.40 h1:fZv6wC3zz1Xt167P09gazawnpa0KY5LM7JAvKpX9d/U=
github.com/veandco/go-sdl2 v0.4.40/go.mod h1:OROqMhHD43nT4/i9crJukyVecjPNYYuCofep6SNiAjY=
